
Microsoft Visual Studio Solution File, Format Version 12.00
# Visual Studio Version 17
VisualStudioVersion = 17.0.32014.148
MinimumVisualStudioVersion = 10.0.40219.1
Project("{2150E333-8FDC-42A3-9474-1A3956D46DE8}") = "src", "src", "{E43CF09C-E30C-4392-8DF1-D903830C724C}"
EndProject
Project("{9A19103F-16F7-4668-BE54-9A1E7A4F7556}") = "DzanNews.API", "src\DzanNews.API\DzanNews.API.csproj", "{809E2BEF-BC39-4F6B-8F27-A4EE6495DFA1}"
EndProject
Project("{2150E333-8FDC-42A3-9474-1A3956D46DE8}") = "BusinessLogic", "BusinessLogic", "{550C071F-B7D3-48F6-9D9F-40129AB7E8BD}"
EndProject
Project("{2150E333-8FDC-42A3-9474-1A3956D46DE8}") = "Models", "Models", "{4A113F61-CCC6-4448-925F-3355A2370F10}"
EndProject
Project("{2150E333-8FDC-42A3-9474-1A3956D46DE8}") = "Repositories", "Repositories", "{86302F56-5042-4D65-AE07-53026FCF5937}"
EndProject
Project("{2150E333-8FDC-42A3-9474-1A3956D46DE8}") = "Resources", "Resources", "{CFACFAB3-AEA9-48C6-AE08-A8C39C4EDBD9}"
EndProject
Project("{2150E333-8FDC-42A3-9474-1A3956D46DE8}") = "Services", "Services", "{016218B8-9A14-4C62-B820-DF26BA72B5DD}"
EndProject
Project("{2150E333-8FDC-42A3-9474-1A3956D46DE8}") = "WebApi", "WebApi", "{97E45AEC-DFA4-424E-A311-5BC64B6E9065}"
EndProject
Project("{9A19103F-16F7-4668-BE54-9A1E7A4F7556}") = "DzanNews.DependencyInjection", "src\DzanNews.DependencyInjection\DzanNews.DependencyInjection.csproj", "{C0D2FB86-9C40-4F4E-91A0-3484812915F0}"
EndProject
Project("{9A19103F-16F7-4668-BE54-9A1E7A4F7556}") = "DzanNews.BusinessLogic.Interfaces", "src\DzanNews.BusinessLogic.Interfaces\DzanNews.BusinessLogic.Interfaces.csproj", "{4611E678-0B84-44AB-9AD3-BF3083592A6F}"
EndProject
Project("{9A19103F-16F7-4668-BE54-9A1E7A4F7556}") = "DzanNews.BusinessLogic", "src\DzanNews.BusinessLogic\DzanNews.BusinessLogic.csproj", "{90BFE760-DAE8-41C8-860C-5EE63E664939}"
EndProject
Project("{9A19103F-16F7-4668-BE54-9A1E7A4F7556}") = "DzanNews.BusinessModel", "src\DzanNews.BusinessModel\DzanNews.BusinessModel.csproj", "{9C7D2CBC-0379-44D1-A6B0-5ED5441ACAAB}"
EndProject
Project("{9A19103F-16F7-4668-BE54-9A1E7A4F7556}") = "DzanNews.DataModel", "src\DzanNews.DataModel\DzanNews.DataModel.csproj", "{1DE2F11A-5266-453B-9F62-2037C74DF595}"
EndProject
Project("{9A19103F-16F7-4668-BE54-9A1E7A4F7556}") = "DzanNews.Mapper", "src\DzanNews.Mapper\DzanNews.Mapper.csproj", "{CD99EE53-BDB1-4BDA-B33D-F3F5A143D7D7}"
EndProject
Project("{9A19103F-16F7-4668-BE54-9A1E7A4F7556}") = "DzanNews.Resources", "src\DzanNews.Resources\DzanNews.Resources.csproj", "{BA067BA8-09F2-4331-808C-FC44342E9195}"
EndProject
Project("{9A19103F-16F7-4668-BE54-9A1E7A4F7556}") = "DzanNews.Services.Interfaces", "src\DzanNews.Services.Interfaces\DzanNews.Services.Interfaces.csproj", "{607A8F9B-2865-47EA-B07C-0C038314B319}"
EndProject
Project("{9A19103F-16F7-4668-BE54-9A1E7A4F7556}") = "DzanNews.Services", "src\DzanNews.Services\DzanNews.Services.csproj", "{4DEDF244-3384-4191-B274-B3DCA37067A0}"
EndProject
Global
	GlobalSection(SolutionConfigurationPlatforms) = preSolution
		Debug|Any CPU = Debug|Any CPU
		Release|Any CPU = Release|Any CPU
	EndGlobalSection
	GlobalSection(ProjectConfigurationPlatforms) = postSolution
		{809E2BEF-BC39-4F6B-8F27-A4EE6495DFA1}.Debug|Any CPU.ActiveCfg = Debug|Any CPU
		{809E2BEF-BC39-4F6B-8F27-A4EE6495DFA1}.Debug|Any CPU.Build.0 = Debug|Any CPU
		{809E2BEF-BC39-4F6B-8F27-A4EE6495DFA1}.Release|Any CPU.ActiveCfg = Release|Any CPU
		{809E2BEF-BC39-4F6B-8F27-A4EE6495DFA1}.Release|Any CPU.Build.0 = Release|Any CPU
		{C0D2FB86-9C40-4F4E-91A0-3484812915F0}.Debug|Any CPU.ActiveCfg = Debug|Any CPU
		{C0D2FB86-9C40-4F4E-91A0-3484812915F0}.Debug|Any CPU.Build.0 = Debug|Any CPU
		{C0D2FB86-9C40-4F4E-91A0-3484812915F0}.Release|Any CPU.ActiveCfg = Release|Any CPU
		{C0D2FB86-9C40-4F4E-91A0-3484812915F0}.Release|Any CPU.Build.0 = Release|Any CPU
		{4611E678-0B84-44AB-9AD3-BF3083592A6F}.Debug|Any CPU.ActiveCfg = Debug|Any CPU
		{4611E678-0B84-44AB-9AD3-BF3083592A6F}.Debug|Any CPU.Build.0 = Debug|Any CPU
		{4611E678-0B84-44AB-9AD3-BF3083592A6F}.Release|Any CPU.ActiveCfg = Release|Any CPU
		{4611E678-0B84-44AB-9AD3-BF3083592A6F}.Release|Any CPU.Build.0 = Release|Any CPU
		{90BFE760-DAE8-41C8-860C-5EE63E664939}.Debug|Any CPU.ActiveCfg = Debug|Any CPU
		{90BFE760-DAE8-41C8-860C-5EE63E664939}.Debug|Any CPU.Build.0 = Debug|Any CPU
		{90BFE760-DAE8-41C8-860C-5EE63E664939}.Release|Any CPU.ActiveCfg = Release|Any CPU
		{90BFE760-DAE8-41C8-860C-5EE63E664939}.Release|Any CPU.Build.0 = Release|Any CPU
		{9C7D2CBC-0379-44D1-A6B0-5ED5441ACAAB}.Debug|Any CPU.ActiveCfg = Debug|Any CPU
		{9C7D2CBC-0379-44D1-A6B0-5ED5441ACAAB}.Debug|Any CPU.Build.0 = Debug|Any CPU
		{9C7D2CBC-0379-44D1-A6B0-5ED5441ACAAB}.Release|Any CPU.ActiveCfg = Release|Any CPU
		{9C7D2CBC-0379-44D1-A6B0-5ED5441ACAAB}.Release|Any CPU.Build.0 = Release|Any CPU
		{1DE2F11A-5266-453B-9F62-2037C74DF595}.Debug|Any CPU.ActiveCfg = Debug|Any CPU
		{1DE2F11A-5266-453B-9F62-2037C74DF595}.Debug|Any CPU.Build.0 = Debug|Any CPU
		{1DE2F11A-5266-453B-9F62-2037C74DF595}.Release|Any CPU.ActiveCfg = Release|Any CPU
		{1DE2F11A-5266-453B-9F62-2037C74DF595}.Release|Any CPU.Build.0 = Release|Any CPU
		{CD99EE53-BDB1-4BDA-B33D-F3F5A143D7D7}.Debug|Any CPU.ActiveCfg = Debug|Any CPU
		{CD99EE53-BDB1-4BDA-B33D-F3F5A143D7D7}.Debug|Any CPU.Build.0 = Debug|Any CPU
		{CD99EE53-BDB1-4BDA-B33D-F3F5A143D7D7}.Release|Any CPU.ActiveCfg = Release|Any CPU
		{CD99EE53-BDB1-4BDA-B33D-F3F5A143D7D7}.Release|Any CPU.Build.0 = Release|Any CPU
		{BA067BA8-09F2-4331-808C-FC44342E9195}.Debug|Any CPU.ActiveCfg = Debug|Any CPU
		{BA067BA8-09F2-4331-808C-FC44342E9195}.Debug|Any CPU.Build.0 = Debug|Any CPU
		{BA067BA8-09F2-4331-808C-FC44342E9195}.Release|Any CPU.ActiveCfg = Release|Any CPU
		{BA067BA8-09F2-4331-808C-FC44342E9195}.Release|Any CPU.Build.0 = Release|Any CPU
		{607A8F9B-2865-47EA-B07C-0C038314B319}.Debug|Any CPU.ActiveCfg = Debug|Any CPU
		{607A8F9B-2865-47EA-B07C-0C038314B319}.Debug|Any CPU.Build.0 = Debug|Any CPU
		{607A8F9B-2865-47EA-B07C-0C038314B319}.Release|Any CPU.ActiveCfg = Release|Any CPU
		{607A8F9B-2865-47EA-B07C-0C038314B319}.Release|Any CPU.Build.0 = Release|Any CPU
		{4DEDF244-3384-4191-B274-B3DCA37067A0}.Debug|Any CPU.ActiveCfg = Debug|Any CPU
		{4DEDF244-3384-4191-B274-B3DCA37067A0}.Debug|Any CPU.Build.0 = Debug|Any CPU
		{4DEDF244-3384-4191-B274-B3DCA37067A0}.Release|Any CPU.ActiveCfg = Release|Any CPU
		{4DEDF244-3384-4191-B274-B3DCA37067A0}.Release|Any CPU.Build.0 = Release|Any CPU
	EndGlobalSection
	GlobalSection(SolutionProperties) = preSolution
		HideSolutionNode = FALSE
	EndGlobalSection
	GlobalSection(NestedProjects) = preSolution
		{809E2BEF-BC39-4F6B-8F27-A4EE6495DFA1} = {97E45AEC-DFA4-424E-A311-5BC64B6E9065}
		{550C071F-B7D3-48F6-9D9F-40129AB7E8BD} = {E43CF09C-E30C-4392-8DF1-D903830C724C}
		{4A113F61-CCC6-4448-925F-3355A2370F10} = {E43CF09C-E30C-4392-8DF1-D903830C724C}
		{86302F56-5042-4D65-AE07-53026FCF5937} = {E43CF09C-E30C-4392-8DF1-D903830C724C}
		{CFACFAB3-AEA9-48C6-AE08-A8C39C4EDBD9} = {E43CF09C-E30C-4392-8DF1-D903830C724C}
		{016218B8-9A14-4C62-B820-DF26BA72B5DD} = {E43CF09C-E30C-4392-8DF1-D903830C724C}
		{97E45AEC-DFA4-424E-A311-5BC64B6E9065} = {E43CF09C-E30C-4392-8DF1-D903830C724C}
		{C0D2FB86-9C40-4F4E-91A0-3484812915F0} = {E43CF09C-E30C-4392-8DF1-D903830C724C}
		{4611E678-0B84-44AB-9AD3-BF3083592A6F} = {550C071F-B7D3-48F6-9D9F-40129AB7E8BD}
		{90BFE760-DAE8-41C8-860C-5EE63E664939} = {550C071F-B7D3-48F6-9D9F-40129AB7E8BD}
		{9C7D2CBC-0379-44D1-A6B0-5ED5441ACAAB} = {4A113F61-CCC6-4448-925F-3355A2370F10}
		{1DE2F11A-5266-453B-9F62-2037C74DF595} = {4A113F61-CCC6-4448-925F-3355A2370F10}
		{CD99EE53-BDB1-4BDA-B33D-F3F5A143D7D7} = {4A113F61-CCC6-4448-925F-3355A2370F10}
		{BA067BA8-09F2-4331-808C-FC44342E9195} = {CFACFAB3-AEA9-48C6-AE08-A8C39C4EDBD9}
		{607A8F9B-2865-47EA-B07C-0C038314B319} = {016218B8-9A14-4C62-B820-DF26BA72B5DD}
		{4DEDF244-3384-4191-B274-B3DCA37067A0} = {016218B8-9A14-4C62-B820-DF26BA72B5DD}
	EndGlobalSection
	GlobalSection(ExtensibilityGlobals) = postSolution
		SolutionGuid = {8A9CDE35-ACD7-4951-AC0B-22C83479D50D}
	EndGlobalSection
EndGlobal
